// !$*UTF8*$!
{
	archiveVersion = 1;
	classes = {
	};
	objectVersion = 50;
	objects = {

/* Begin PBXBuildFile section */
		6496946124F5BB0D0056A1B5 /* AppDelegate.swift in Sources */ = {isa = PBXBuildFile; fileRef = 6496946024F5BB0D0056A1B5 /* AppDelegate.swift */; };
		6496946324F5BB0D0056A1B5 /* SceneDelegate.swift in Sources */ = {isa = PBXBuildFile; fileRef = 6496946224F5BB0D0056A1B5 /* SceneDelegate.swift */; };
		6496946524F5BB0D0056A1B5 /* ContentView.swift in Sources */ = {isa = PBXBuildFile; fileRef = 6496946424F5BB0D0056A1B5 /* ContentView.swift */; };
		6496946724F5BB100056A1B5 /* Assets.xcassets in Resources */ = {isa = PBXBuildFile; fileRef = 6496946624F5BB100056A1B5 /* Assets.xcassets */; };
		6496946A24F5BB100056A1B5 /* Preview Assets.xcassets in Resources */ = {isa = PBXBuildFile; fileRef = 6496946924F5BB100056A1B5 /* Preview Assets.xcassets */; };
		6496946D24F5BB100056A1B5 /* LaunchScreen.storyboard in Resources */ = {isa = PBXBuildFile; fileRef = 6496946B24F5BB100056A1B5 /* LaunchScreen.storyboard */; };
		6496947524F5BDFE0056A1B5 /* TopView.swift in Sources */ = {isa = PBXBuildFile; fileRef = 6496947424F5BDFE0056A1B5 /* TopView.swift */; };
		6496947824F5C26B0056A1B5 /* DINCondensed-Bold.ttf in Resources */ = {isa = PBXBuildFile; fileRef = 6496947724F5C26B0056A1B5 /* DINCondensed-Bold.ttf */; };
		6496947A24F5C6420056A1B5 /* ProfileItemView.swift in Sources */ = {isa = PBXBuildFile; fileRef = 6496947924F5C6420056A1B5 /* ProfileItemView.swift */; };
		6496947D24F5C6ED0056A1B5 /* ProfileItem.swift in Sources */ = {isa = PBXBuildFile; fileRef = 6496947C24F5C6ED0056A1B5 /* ProfileItem.swift */; };
		6496947F24F5CBAA0056A1B5 /* ProfileView.swift in Sources */ = {isa = PBXBuildFile; fileRef = 6496947E24F5CBAA0056A1B5 /* ProfileView.swift */; };
		6496948224F5CC150056A1B5 /* ActivityView.swift in Sources */ = {isa = PBXBuildFile; fileRef = 6496948124F5CC150056A1B5 /* ActivityView.swift */; };
		6496948424F5D6050056A1B5 /* TitleView.swift in Sources */ = {isa = PBXBuildFile; fileRef = 6496948324F5D6050056A1B5 /* TitleView.swift */; };
		6496948624F5DD6C0056A1B5 /* MenuView.swift in Sources */ = {isa = PBXBuildFile; fileRef = 6496948524F5DD6C0056A1B5 /* MenuView.swift */; };
		6496948824F5DECB0056A1B5 /* LinearView.swift in Sources */ = {isa = PBXBuildFile; fileRef = 6496948724F5DECB0056A1B5 /* LinearView.swift */; };
		6496948A24F5DEFE0056A1B5 /* ActivityInfoView.swift in Sources */ = {isa = PBXBuildFile; fileRef = 6496948924F5DEFE0056A1B5 /* ActivityInfoView.swift */; };
		6496948D24F5F2720056A1B5 /* README.md in Resources */ = {isa = PBXBuildFile; fileRef = 6496948C24F5F2720056A1B5 /* README.md */; };
		64BF473824F6B6A6003155FB /* InfoItem.swift in Sources */ = {isa = PBXBuildFile; fileRef = 64BF473724F6B6A6003155FB /* InfoItem.swift */; };
		64BF473A24F6B6C5003155FB /* ActivityCardView.swift in Sources */ = {isa = PBXBuildFile; fileRef = 64BF473924F6B6C5003155FB /* ActivityCardView.swift */; };
		64BF473C24F6B916003155FB /* StepsView.swift in Sources */ = {isa = PBXBuildFile; fileRef = 64BF473B24F6B916003155FB /* StepsView.swift */; };
/* End PBXBuildFile section */

/* Begin PBXFileReference section */
		6496945D24F5BB0D0056A1B5 /* MedicalApp.app */ = {isa = PBXFileReference; explicitFileType = wrapper.application; includeInIndex = 0; path = MedicalApp.app; sourceTree = BUILT_PRODUCTS_DIR; };
		6496946024F5BB0D0056A1B5 /* AppDelegate.swift */ = {isa = PBXFileReference; lastKnownFileType = sourcecode.swift; path = AppDelegate.swift; sourceTree = "<group>"; };
		6496946224F5BB0D0056A1B5 /* SceneDelegate.swift */ = {isa = PBXFileReference; lastKnownFileType = sourcecode.swift; path = SceneDelegate.swift; sourceTree = "<group>"; };
		6496946424F5BB0D0056A1B5 /* ContentView.swift */ = {isa = PBXFileReference; lastKnownFileType = sourcecode.swift; path = ContentView.swift; sourceTree = "<group>"; };
		6496946624F5BB100056A1B5 /* Assets.xcassets */ = {isa = PBXFileReference; lastKnownFileType = folder.assetcatalog; path = Assets.xcassets; sourceTree = "<group>"; };
		6496946924F5BB100056A1B5 /* Preview Assets.xcassets */ = {isa = PBXFileReference; lastKnownFileType = folder.assetcatalog; path = "Preview Assets.xcassets"; sourceTree = "<group>"; };
		6496946C24F5BB100056A1B5 /* Base */ = {isa = PBXFileReference; lastKnownFileType = file.storyboard; name = Base; path = Base.lproj/LaunchScreen.storyboard; sourceTree = "<group>"; };
		6496946E24F5BB100056A1B5 /* Info.plist */ = {isa = PBXFileReference; lastKnownFileType = text.plist.xml; path = Info.plist; sourceTree = "<group>"; };
		6496947424F5BDFE0056A1B5 /* TopView.swift */ = {isa = PBXFileReference; lastKnownFileType = sourcecode.swift; path = TopView.swift; sourceTree = "<group>"; };
		6496947724F5C26B0056A1B5 /* DINCondensed-Bold.ttf */ = {isa = PBXFileReference; lastKnownFileType = file; path = "DINCondensed-Bold.ttf"; sourceTree = "<group>"; };
		6496947924F5C6420056A1B5 /* ProfileItemView.swift */ = {isa = PBXFileReference; lastKnownFileType = sourcecode.swift; path = ProfileItemView.swift; sourceTree = "<group>"; };
		6496947C24F5C6ED0056A1B5 /* ProfileItem.swift */ = {isa = PBXFileReference; lastKnownFileType = sourcecode.swift; path = ProfileItem.swift; sourceTree = "<group>"; };
		6496947E24F5CBAA0056A1B5 /* ProfileView.swift */ = {isa = PBXFileReference; lastKnownFileType = sourcecode.swift; path = ProfileView.swift; sourceTree = "<group>"; };
		6496948124F5CC150056A1B5 /* ActivityView.swift */ = {isa = PBXFileReference; lastKnownFileType = sourcecode.swift; path = ActivityView.swift; sourceTree = "<group>"; };
		6496948324F5D6050056A1B5 /* TitleView.swift */ = {isa = PBXFileReference; lastKnownFileType = sourcecode.swift; path = TitleView.swift; sourceTree = "<group>"; };
		6496948524F5DD6C0056A1B5 /* MenuView.swift */ = {isa = PBXFileReference; lastKnownFileType = sourcecode.swift; path = MenuView.swift; sourceTree = "<group>"; };
		6496948724F5DECB0056A1B5 /* LinearView.swift */ = {isa = PBXFileReference; lastKnownFileType = sourcecode.swift; path = LinearView.swift; sourceTree = "<group>"; };
		6496948924F5DEFE0056A1B5 /* ActivityInfoView.swift */ = {isa = PBXFileReference; lastKnownFileType = sourcecode.swift; path = ActivityInfoView.swift; sourceTree = "<group>"; };
		6496948C24F5F2720056A1B5 /* README.md */ = {isa = PBXFileReference; lastKnownFileType = net.daringfireball.markdown; path = README.md; sourceTree = "<group>"; };
		64BF473724F6B6A6003155FB /* InfoItem.swift */ = {isa = PBXFileReference; lastKnownFileType = sourcecode.swift; path = InfoItem.swift; sourceTree = "<group>"; };
		64BF473924F6B6C5003155FB /* ActivityCardView.swift */ = {isa = PBXFileReference; lastKnownFileType = sourcecode.swift; path = ActivityCardView.swift; sourceTree = "<group>"; };
		64BF473B24F6B916003155FB /* StepsView.swift */ = {isa = PBXFileReference; lastKnownFileType = sourcecode.swift; name = StepsView.swift; path = MedicalApp/StepsView.swift; sourceTree = SOURCE_ROOT; };
/* End PBXFileReference section */

/* Begin PBXFrameworksBuildPhase section */
		6496945A24F5BB0D0056A1B5 /* Frameworks */ = {
			isa = PBXFrameworksBuildPhase;
			buildActionMask = 2147483647;
			files = (
			);
			runOnlyForDeploymentPostprocessing = 0;
		};
/* End PBXFrameworksBuildPhase section */

/* Begin PBXGroup section */
		6496945424F5BB0D0056A1B5 = {
			isa = PBXGroup;
			children = (
				6496948C24F5F2720056A1B5 /* README.md */,
				6496945F24F5BB0D0056A1B5 /* MedicalApp */,
				6496945E24F5BB0D0056A1B5 /* Products */,
			);
			sourceTree = "<group>";
		};
		6496945E24F5BB0D0056A1B5 /* Products */ = {
			isa = PBXGroup;
			children = (
				6496945D24F5BB0D0056A1B5 /* MedicalApp.app */,
			);
			name = Products;
			sourceTree = "<group>";
		};
		6496945F24F5BB0D0056A1B5 /* MedicalApp */ = {
			isa = PBXGroup;
			children = (
				64BF473624F6B68B003155FB /* New Group */,
				6496946024F5BB0D0056A1B5 /* AppDelegate.swift */,
				6496946224F5BB0D0056A1B5 /* SceneDelegate.swift */,
				6496946424F5BB0D0056A1B5 /* ContentView.swift */,
				6496947624F5BE170056A1B5 /* Views */,
				6496947B24F5C6D50056A1B5 /* Models */,
				6496946624F5BB100056A1B5 /* Assets.xcassets */,
				6496946B24F5BB100056A1B5 /* LaunchScreen.storyboard */,
				6496946E24F5BB100056A1B5 /* Info.plist */,
				6496947724F5C26B0056A1B5 /* DINCondensed-Bold.ttf */,
				6496946824F5BB100056A1B5 /* Preview Content */,
			);
			path = MedicalApp;
			sourceTree = "<group>";
		};
		6496946824F5BB100056A1B5 /* Preview Content */ = {
			isa = PBXGroup;
			children = (
				6496946924F5BB100056A1B5 /* Preview Assets.xcassets */,
			);
			path = "Preview Content";
			sourceTree = "<group>";
		};
		6496947624F5BE170056A1B5 /* Views */ = {
			isa = PBXGroup;
			children = (
				6496948B24F5DF830056A1B5 /* Activity */,
				6496948024F5CBBF0056A1B5 /* Profile */,
			);
			path = Views;
			sourceTree = "<group>";
		};
		6496947B24F5C6D50056A1B5 /* Models */ = {
			isa = PBXGroup;
			children = (
				6496947C24F5C6ED0056A1B5 /* ProfileItem.swift */,
				64BF473724F6B6A6003155FB /* InfoItem.swift */,
			);
			path = Models;
			sourceTree = "<group>";
		};
		6496948024F5CBBF0056A1B5 /* Profile */ = {
			isa = PBXGroup;
			children = (
				6496947E24F5CBAA0056A1B5 /* ProfileView.swift */,
				6496948324F5D6050056A1B5 /* TitleView.swift */,
				6496947924F5C6420056A1B5 /* ProfileItemView.swift */,
				6496947424F5BDFE0056A1B5 /* TopView.swift */,
			);
			path = Profile;
			sourceTree = "<group>";
		};
		6496948B24F5DF830056A1B5 /* Activity */ = {
			isa = PBXGroup;
			children = (
				6496948124F5CC150056A1B5 /* ActivityView.swift */,
				6496948524F5DD6C0056A1B5 /* MenuView.swift */,
				6496948724F5DECB0056A1B5 /* LinearView.swift */,
				6496948924F5DEFE0056A1B5 /* ActivityInfoView.swift */,
				64BF473B24F6B916003155FB /* StepsView.swift */,
				64BF473924F6B6C5003155FB /* ActivityCardView.swift */,
			);
			path = Activity;
			sourceTree = "<group>";
		};
		64BF473624F6B68B003155FB /* New Group */ = {
			isa = PBXGroup;
			children = (
			);
			path = "New Group";
			sourceTree = "<group>";
		};
/* End PBXGroup section */

/* Begin PBXNativeTarget section */
		6496945C24F5BB0D0056A1B5 /* MedicalApp */ = {
			isa = PBXNativeTarget;
			buildConfigurationList = 6496947124F5BB100056A1B5 /* Build configuration list for PBXNativeTarget "MedicalApp" */;
			buildPhases = (
				6496945924F5BB0D0056A1B5 /* Sources */,
				6496945A24F5BB0D0056A1B5 /* Frameworks */,
				6496945B24F5BB0D0056A1B5 /* Resources */,
			);
			buildRules = (
			);
			dependencies = (
			);
			name = MedicalApp;
			productName = MedicalApp;
			productReference = 6496945D24F5BB0D0056A1B5 /* MedicalApp.app */;
			productType = "com.apple.product-type.application";
		};
/* End PBXNativeTarget section */

/* Begin PBXProject section */
		6496945524F5BB0D0056A1B5 /* Project object */ = {
			isa = PBXProject;
			attributes = {
				LastSwiftUpdateCheck = 1160;
				LastUpgradeCheck = 1160;
				ORGANIZATIONNAME = "Raphael Cerqueira";
				TargetAttributes = {
					6496945C24F5BB0D0056A1B5 = {
						CreatedOnToolsVersion = 11.6;
					};
				};
			};
			buildConfigurationList = 6496945824F5BB0D0056A1B5 /* Build configuration list for PBXProject "MedicalApp" */;
			compatibilityVersion = "Xcode 9.3";
			developmentRegion = en;
			hasScannedForEncodings = 0;
			knownRegions = (
				en,
				Base,
			);
			mainGroup = 6496945424F5BB0D0056A1B5;
			productRefGroup = 6496945E24F5BB0D0056A1B5 /* Products */;
			projectDirPath = "";
			projectRoot = "";
			targets = (
				6496945C24F5BB0D0056A1B5 /* MedicalApp */,
			);
		};
/* End PBXProject section */

/* Begin PBXResourcesBuildPhase section */
		6496945B24F5BB0D0056A1B5 /* Resources */ = {
			isa = PBXResourcesBuildPhase;
			buildActionMask = 2147483647;
			files = (
				6496946D24F5BB100056A1B5 /* LaunchScreen.storyboard in Resources */,
				6496947824F5C26B0056A1B5 /* DINCondensed-Bold.ttf in Resources */,
				6496948D24F5F2720056A1B5 /* README.md in Resources */,
				6496946A24F5BB100056A1B5 /* Preview Assets.xcassets in Resources */,
				6496946724F5BB100056A1B5 /* Assets.xcassets in Resources */,
			);
			runOnlyForDeploymentPostprocessing = 0;
		};
/* End PBXResourcesBuildPhase section */

/* Begin PBXSourcesBuildPhase section */
		6496945924F5BB0D0056A1B5 /* Sources */ = {
			isa = PBXSourcesBuildPhase;
			buildActionMask = 2147483647;
			files = (
				6496947D24F5C6ED0056A1B5 /* ProfileItem.swift in Sources */,
				64BF473824F6B6A6003155FB /* InfoItem.swift in Sources */,
				6496946124F5BB0D0056A1B5 /* AppDelegate.swift in Sources */,
				64BF473A24F6B6C5003155FB /* ActivityCardView.swift in Sources */,
				6496948824F5DECB0056A1B5 /* LinearView.swift in Sources */,
				6496946324F5BB0D0056A1B5 /* SceneDelegate.swift in Sources */,
				6496947524F5BDFE0056A1B5 /* TopView.swift in Sources */,
				6496948A24F5DEFE0056A1B5 /* ActivityInfoView.swift in Sources */,
				64BF473C24F6B916003155FB /* StepsView.swift in Sources */,
				6496946524F5BB0D0056A1B5 /* ContentView.swift in Sources */,
				6496948624F5DD6C0056A1B5 /* MenuView.swift in Sources */,
				6496948424F5D6050056A1B5 /* TitleView.swift in Sources */,
				6496948224F5CC150056A1B5 /* ActivityView.swift in Sources */,
				6496947F24F5CBAA0056A1B5 /* ProfileView.swift in Sources */,
				6496947A24F5C6420056A1B5 /* ProfileItemView.swift in Sources */,
			);
			runOnlyForDeploymentPostprocessing = 0;
		};
/* End PBXSourcesBuildPhase section */

/* Begin PBXVariantGroup section */
		6496946B24F5BB100056A1B5 /* LaunchScreen.storyboard */ = {
			isa = PBXVariantGroup;
			children = (
				6496946C24F5BB100056A1B5 /* Base */,
			);
			name = LaunchScreen.storyboard;
			sourceTree = "<group>";
		};
/* End PBXVariantGroup section */

/* Begin XCBuildConfiguration section */
		6496946F24F5BB100056A1B5 /* Debug */ = {
			isa = XCBuildConfiguration;
			buildSettings = {
				ALWAYS_SEARCH_USER_PATHS = NO;
				CLANG_ANALYZER_NONNULL = YES;
				CLANG_ANALYZER_NUMBER_OBJECT_CONVERSION = YES_AGGRESSIVE;
				CLANG_CXX_LANGUAGE_STANDARD = "gnu++14";
				CLANG_CXX_LIBRARY = "libc++";
				CLANG_ENABLE_MODULES = YES;
				CLANG_ENABLE_OBJC_ARC = YES;
				CLANG_ENABLE_OBJC_WEAK = YES;
				CLANG_WARN_BLOCK_CAPTURE_AUTORELEASING = YES;
				CLANG_WARN_BOOL_CONVERSION = YES;
				CLANG_WARN_COMMA = YES;
				CLANG_WARN_CONSTANT_CONVERSION = YES;
				CLANG_WARN_DEPRECATED_OBJC_IMPLEMENTATIONS = YES;
				CLANG_WARN_DIRECT_OBJC_ISA_USAGE = YES_ERROR;
				CLANG_WARN_DOCUMENTATION_COMMENTS = YES;
				CLANG_WARN_EMPTY_BODY = YES;
				CLANG_WARN_ENUM_CONVERSION = YES;
				CLANG_WARN_INFINITE_RECURSION = YES;
				CLANG_WARN_INT_CONVERSION = YES;
				CLANG_WARN_NON_LITERAL_NULL_CONVERSION = YES;
				CLANG_WARN_OBJC_IMPLICIT_RETAIN_SELF = YES;
				CLANG_WARN_OBJC_LITERAL_CONVERSION = YES;
				CLANG_WARN_OBJC_ROOT_CLASS = YES_ERROR;
				CLANG_WARN_RANGE_LOOP_ANALYSIS = YES;
				CLANG_WARN_STRICT_PROTOTYPES = YES;
				CLANG_WARN_SUSPICIOUS_MOVE = YES;
				CLANG_WARN_UNGUARDED_AVAILABILITY = YES_AGGRESSIVE;
				CLANG_WARN_UNREACHABLE_CODE = YES;
				CLANG_WARN__DUPLICATE_METHOD_MATCH = YES;
				COPY_PHASE_STRIP = NO;
				DEBUG_INFORMATION_FORMAT = dwarf;
				ENABLE_STRICT_OBJC_MSGSEND = YES;
				ENABLE_TESTABILITY = YES;
				GCC_C_LANGUAGE_STANDARD = gnu11;
				GCC_DYNAMIC_NO_PIC = NO;
				GCC_NO_COMMON_BLOCKS = YES;
				GCC_OPTIMIZATION_LEVEL = 0;
				GCC_PREPROCESSOR_DEFINITIONS = (
					"DEBUG=1",
					"$(inherited)",
				);
				GCC_WARN_64_TO_32_BIT_CONVERSION = YES;
				GCC_WARN_ABOUT_RETURN_TYPE = YES_ERROR;
				GCC_WARN_UNDECLARED_SELECTOR = YES;
				GCC_WARN_UNINITIALIZED_AUTOS = YES_AGGRESSIVE;
				GCC_WARN_UNUSED_FUNCTION = YES;
				GCC_WARN_UNUSED_VARIABLE = YES;
				IPHONEOS_DEPLOYMENT_TARGET = 13.6;
				MTL_ENABLE_DEBUG_INFO = INCLUDE_SOURCE;
				MTL_FAST_MATH = YES;
				ONLY_ACTIVE_ARCH = YES;
				SDKROOT = iphoneos;
				SWIFT_ACTIVE_COMPILATION_CONDITIONS = DEBUG;
				SWIFT_OPTIMIZATION_LEVEL = "-Onone";
			};
			name = Debug;
		};
		6496947024F5BB100056A1B5 /* Release */ = {
			isa = XCBuildConfiguration;
			buildSettings = {
				ALWAYS_SEARCH_USER_PATHS = NO;
				CLANG_ANALYZER_NONNULL = YES;
				CLANG_ANALYZER_NUMBER_OBJECT_CONVERSION = YES_AGGRESSIVE;
				CLANG_CXX_LANGUAGE_STANDARD = "gnu++14";
				CLANG_CXX_LIBRARY = "libc++";
				CLANG_ENABLE_MODULES = YES;
				CLANG_ENABLE_OBJC_ARC = YES;
				CLANG_ENABLE_OBJC_WEAK = YES;
				CLANG_WARN_BLOCK_CAPTURE_AUTORELEASING = YES;
				CLANG_WARN_BOOL_CONVERSION = YES;
				CLANG_WARN_COMMA = YES;
				CLANG_WARN_CONSTANT_CONVERSION = YES;
				CLANG_WARN_DEPRECATED_OBJC_IMPLEMENTATIONS = YES;
				CLANG_WARN_DIRECT_OBJC_ISA_USAGE = YES_ERROR;
				CLANG_WARN_DOCUMENTATION_COMMENTS = YES;
				CLANG_WARN_EMPTY_BODY = YES;
				CLANG_WARN_ENUM_CONVERSION = YES;
				CLANG_WARN_INFINITE_RECURSION = YES;
				CLANG_WARN_INT_CONVERSION = YES;
				CLANG_WARN_NON_LITERAL_NULL_CONVERSION = YES;
				CLANG_WARN_OBJC_IMPLICIT_RETAIN_SELF = YES;
				CLANG_WARN_OBJC_LITERAL_CONVERSION = YES;
				CLANG_WARN_OBJC_ROOT_CLASS = YES_ERROR;
				CLANG_WARN_RANGE_LOOP_ANALYSIS = YES;
				CLANG_WARN_STRICT_PROTOTYPES = YES;
				CLANG_WARN_SUSPICIOUS_MOVE = YES;
				CLANG_WARN_UNGUARDED_AVAILABILITY = YES_AGGRESSIVE;
				CLANG_WARN_UNREACHABLE_CODE = YES;
				CLANG_WARN__DUPLICATE_METHOD_MATCH = YES;
				COPY_PHASE_STRIP = NO;
				DEBUG_INFORMATION_FORMAT = "dwarf-with-dsym";
				ENABLE_NS_ASSERTIONS = NO;
				ENABLE_STRICT_OBJC_MSGSEND = YES;
				GCC_C_LANGUAGE_STANDARD = gnu11;
				GCC_NO_COMMON_BLOCKS = YES;
				GCC_WARN_64_TO_32_BIT_CONVERSION = YES;
				GCC_WARN_ABOUT_RETURN_TYPE = YES_ERROR;
				GCC_WARN_UNDECLARED_SELECTOR = YES;
				GCC_WARN_UNINITIALIZED_AUTOS = YES_AGGRESSIVE;
				GCC_WARN_UNUSED_FUNCTION = YES;
				GCC_WARN_UNUSED_VARIABLE = YES;
				IPHONEOS_DEPLOYMENT_TARGET = 13.6;
				MTL_ENABLE_DEBUG_INFO = NO;
				MTL_FAST_MATH = YES;
				SDKROOT = iphoneos;
				SWIFT_COMPILATION_MODE = wholemodule;
				SWIFT_OPTIMIZATION_LEVEL = "-O";
				VALIDATE_PRODUCT = YES;
			};
			name = Release;
		};
		6496947224F5BB100056A1B5 /* Debug */ = {
			isa = XCBuildConfiguration;
			buildSettings = {
				ASSETCATALOG_COMPILER_APPICON_NAME = AppIcon;
				CODE_SIGN_STYLE = Automatic;
				DEVELOPMENT_ASSET_PATHS = "\"MedicalApp/Preview Content\"";
				ENABLE_PREVIEWS = YES;
				INFOPLIST_FILE = MedicalApp/Info.plist;
				LD_RUNPATH_SEARCH_PATHS = (
					"$(inherited)",
					"@executable_path/Frameworks",
				);
				PRODUCT_BUNDLE_IDENTIFIER = io.github.rphlfc.MedicalApp;
				PRODUCT_NAME = "$(TARGET_NAME)";
				SWIFT_VERSION = 5.0;
				TARGETED_DEVICE_FAMILY = "1,2";
			};
			name = Debug;
		};
		6496947324F5BB100056A1B5 /* Release */ = {
			isa = XCBuildConfiguration;
			buildSettings = {
				ASSETCATALOG_COMPILER_APPICON_NAME = AppIcon;
				CODE_SIGN_STYLE = Automatic;
				DEVELOPMENT_ASSET_PATHS = "\"MedicalApp/Preview Content\"";
				ENABLE_PREVIEWS = YES;
				INFOPLIST_FILE = MedicalApp/Info.plist;
				LD_RUNPATH_SEARCH_PATHS = (
					"$(inherited)",
					"@executable_path/Frameworks",
				);
				PRODUCT_BUNDLE_IDENTIFIER = io.github.rphlfc.MedicalApp;
				PRODUCT_NAME = "$(TARGET_NAME)";
				SWIFT_VERSION = 5.0;
				TARGETED_DEVICE_FAMILY = "1,2";
			};
			name = Release;
		};
/* End XCBuildConfiguration section */

/* Begin XCConfigurationList section */
		6496945824F5BB0D0056A1B5 /* Build configuration list for PBXProject "MedicalApp" */ = {
			isa = XCConfigurationList;
			buildConfigurations = (
				6496946F24F5BB100056A1B5 /* Debug */,
				6496947024F5BB100056A1B5 /* Release */,
			);
			defaultConfigurationIsVisible = 0;
			defaultConfigurationName = Release;
		};
		6496947124F5BB100056A1B5 /* Build configuration list for PBXNativeTarget "MedicalApp" */ = {
			isa = XCConfigurationList;
			buildConfigurations = (
				6496947224F5BB100056A1B5 /* Debug */,
				6496947324F5BB100056A1B5 /* Release */,
			);
			defaultConfigurationIsVisible = 0;
			defaultConfigurationName = Release;
		};
/* End XCConfigurationList section */
	};
	rootObject = 6496945524F5BB0D0056A1B5 /* Project object */;
}
